<?xml version="1.0" encoding="utf-8"?>
<Project ToolsVersion="4.0" xmlns="http://schemas.microsoft.com/developer/msbuild/2003">
  <ItemGroup>
    <Filter Include="源文件">
      <UniqueIdentifier>{4FC737F1-C7A5-4376-A066-2A32D752A2FF}</UniqueIdentifier>
      <Extensions>cpp;c;cc;cxx;c++;cppm;ixx;def;odl;idl;hpj;bat;asm;asmx</Extensions>
    </Filter>
    <Filter Include="头文件">
      <UniqueIdentifier>{93995380-89BD-4b04-88EB-625FBE52EBFB}</UniqueIdentifier>
      <Extensions>h;hh;hpp;hxx;h++;hm;inl;inc;ipp;xsd</Extensions>
    </Filter>
    <Filter Include="资源文件">
      <UniqueIdentifier>{67DA6AB6-F800-4c08-8B7A-83BB121AAD01}</UniqueIdentifier>
      <Extensions>rc;ico;cur;bmp;dlg;rc2;rct;bin;rgs;gif;jpg;jpeg;jpe;resx;tiff;tif;png;wav;mfcribbon-ms</Extensions>
    </Filter>
    <Filter Include="头文件\igig">
      <UniqueIdentifier>{8bf43f54-5cf6-4cc8-bd54-f9b51c2e736c}</UniqueIdentifier>
    </Filter>
    <Filter Include="源文件\igig">
      <UniqueIdentifier>{b0609c56-994c-4d56-8897-894aeea06066}</UniqueIdentifier>
    </Filter>
  </ItemGroup>
  <ItemGroup>
    <ClCompile Include="dllmain.cpp">
      <Filter>源文件</Filter>
    </ClCompile>
    <ClCompile Include="igig\igig.cpp">
      <Filter>源文件\igig</Filter>
    </ClCompile>
    <ClCompile Include="igig\console.cpp">
      <Filter>源文件\igig</Filter>
    </ClCompile>
  </ItemGroup>
  <ItemGroup>
    <ClInclude Include="igig\igig.h">
      <Filter>头文件\igig</Filter>
    </ClInclude>
    <ClInclude Include="igig\fontawesome.h">
      <Filter>头文件\igig</Filter>
    </ClInclude>
    <ClInclude Include="igig\console.h">
      <Filter>头文件\igig</Filter>
    </ClInclude>
    <ClInclude Include="igig\ansicolor.h">
      <Filter>头文件\igig</Filter>
    </ClInclude>
    <ClInclude Include="silver-bun.h">
      <Filter>头文件</Filter>
    </ClInclude>
  </ItemGroup>
</Project>